<?xml version="1.0" encoding="UTF-8"?>
<!DOCTYPE plist PUBLIC "-//Apple//DTD PLIST 1.0//EN" "http://www.apple.com/DTDs/PropertyList-1.0.dtd">
<plist version="1.0">
<dict>
	<key>ComputerName</key>
	<string>Vishal’s MacBook Pro</string>
	<key>HostIdentifier</key>
	<string>CB81D6FC-F5DE-5BCB-B13B-7DC7862F53B0/501</string>
	<key>UserName</key>
	<string>Vishal Sakaria</string>
</dict>
</plist>
